// !$*UTF8*$!
{
	archiveVersion = 1;
	classes = {
	};
	objectVersion = 46;
	objects = {

/* Begin PBXBuildFile section */
		0A83965D15F68447004E3429 /* LoginView.m in Sources */ = {isa = PBXBuildFile; fileRef = 0A83965C15F68447004E3429 /* LoginView.m */; };
		BFF4854415F804B3003DB6C3 /* Connection.m in Sources */ = {isa = PBXBuildFile; fileRef = BFF8CFB915F67A3B00F1D2EA /* Connection.m */; };
		BFF4855115F80897003DB6C3 /* WaitingView.m in Sources */ = {isa = PBXBuildFile; fileRef = BFF4855015F80897003DB6C3 /* WaitingView.m */; };
		BFF4855415F808B1003DB6C3 /* WaitingViewController.m in Sources */ = {isa = PBXBuildFile; fileRef = BFF4855315F808B1003DB6C3 /* WaitingViewController.m */; };
		BFF6587B15F9160B001C840A /* GridView.m in Sources */ = {isa = PBXBuildFile; fileRef = BFF6587A15F9160B001C840A /* GridView.m */; };
		BFF6587F15F92543001C840A /* GridViewController.m in Sources */ = {isa = PBXBuildFile; fileRef = BFF6587E15F92543001C840A /* GridViewController.m */; };
		BFF8CF9915F6767800F1D2EA /* UIKit.framework in Frameworks */ = {isa = PBXBuildFile; fileRef = BFF8CF9815F6767800F1D2EA /* UIKit.framework */; };
		BFF8CF9B15F6767800F1D2EA /* Foundation.framework in Frameworks */ = {isa = PBXBuildFile; fileRef = BFF8CF9A15F6767800F1D2EA /* Foundation.framework */; };
		BFF8CF9D15F6767800F1D2EA /* CoreGraphics.framework in Frameworks */ = {isa = PBXBuildFile; fileRef = BFF8CF9C15F6767800F1D2EA /* CoreGraphics.framework */; };
		BFF8CFA315F6767800F1D2EA /* InfoPlist.strings in Resources */ = {isa = PBXBuildFile; fileRef = BFF8CFA115F6767800F1D2EA /* InfoPlist.strings */; };
		BFF8CFA515F6767800F1D2EA /* main.m in Sources */ = {isa = PBXBuildFile; fileRef = BFF8CFA415F6767800F1D2EA /* main.m */; };
		BFF8CFA915F6767800F1D2EA /* AppDelegate.m in Sources */ = {isa = PBXBuildFile; fileRef = BFF8CFA815F6767800F1D2EA /* AppDelegate.m */; };
		BFF8CFAC15F6767800F1D2EA /* MainStoryboard.storyboard in Resources */ = {isa = PBXBuildFile; fileRef = BFF8CFAA15F6767800F1D2EA /* MainStoryboard.storyboard */; };
		BFF8CFAF15F6767800F1D2EA /* LoginViewController.m in Sources */ = {isa = PBXBuildFile; fileRef = BFF8CFAE15F6767800F1D2EA /* LoginViewController.m */; };
		E9B5CCE615F7FC8C00E71B8F /* PublicGoodsViewController.m in Sources */ = {isa = PBXBuildFile; fileRef = E9B5CCE515F7FC8C00E71B8F /* PublicGoodsViewController.m */; };
		E9B5CCEA15F7FE2000E71B8F /* PublicGoodsView.m in Sources */ = {isa = PBXBuildFile; fileRef = E9B5CCE915F7FE2000E71B8F /* PublicGoodsView.m */; };
/* End PBXBuildFile section */

/* Begin PBXFileReference section */
		0A83965B15F68447004E3429 /* LoginView.h */ = {isa = PBXFileReference; fileEncoding = 4; lastKnownFileType = sourcecode.c.h; path = LoginView.h; sourceTree = "<group>"; };
		0A83965C15F68447004E3429 /* LoginView.m */ = {isa = PBXFileReference; fileEncoding = 4; lastKnownFileType = sourcecode.c.objc; path = LoginView.m; sourceTree = "<group>"; };
		BFF4854F15F80897003DB6C3 /* WaitingView.h */ = {isa = PBXFileReference; fileEncoding = 4; lastKnownFileType = sourcecode.c.h; path = WaitingView.h; sourceTree = "<group>"; };
		BFF4855015F80897003DB6C3 /* WaitingView.m */ = {isa = PBXFileReference; fileEncoding = 4; lastKnownFileType = sourcecode.c.objc; path = WaitingView.m; sourceTree = "<group>"; };
		BFF4855215F808B1003DB6C3 /* WaitingViewController.h */ = {isa = PBXFileReference; fileEncoding = 4; lastKnownFileType = sourcecode.c.h; path = WaitingViewController.h; sourceTree = "<group>"; };
		BFF4855315F808B1003DB6C3 /* WaitingViewController.m */ = {isa = PBXFileReference; fileEncoding = 4; lastKnownFileType = sourcecode.c.objc; path = WaitingViewController.m; sourceTree = "<group>"; };
		BFF6587915F9160B001C840A /* GridView.h */ = {isa = PBXFileReference; fileEncoding = 4; lastKnownFileType = sourcecode.c.h; path = GridView.h; sourceTree = "<group>"; };
		BFF6587A15F9160B001C840A /* GridView.m */ = {isa = PBXFileReference; fileEncoding = 4; lastKnownFileType = sourcecode.c.objc; path = GridView.m; sourceTree = "<group>"; };
		BFF6587D15F92543001C840A /* GridViewController.h */ = {isa = PBXFileReference; fileEncoding = 4; lastKnownFileType = sourcecode.c.h; path = GridViewController.h; sourceTree = "<group>"; };
		BFF6587E15F92543001C840A /* GridViewController.m */ = {isa = PBXFileReference; fileEncoding = 4; lastKnownFileType = sourcecode.c.objc; path = GridViewController.m; sourceTree = "<group>"; };
		BFF8CF9415F6767800F1D2EA /* EconApps.app */ = {isa = PBXFileReference; explicitFileType = wrapper.application; includeInIndex = 0; path = EconApps.app; sourceTree = BUILT_PRODUCTS_DIR; };
		BFF8CF9815F6767800F1D2EA /* UIKit.framework */ = {isa = PBXFileReference; lastKnownFileType = wrapper.framework; name = UIKit.framework; path = System/Library/Frameworks/UIKit.framework; sourceTree = SDKROOT; };
		BFF8CF9A15F6767800F1D2EA /* Foundation.framework */ = {isa = PBXFileReference; lastKnownFileType = wrapper.framework; name = Foundation.framework; path = System/Library/Frameworks/Foundation.framework; sourceTree = SDKROOT; };
		BFF8CF9C15F6767800F1D2EA /* CoreGraphics.framework */ = {isa = PBXFileReference; lastKnownFileType = wrapper.framework; name = CoreGraphics.framework; path = System/Library/Frameworks/CoreGraphics.framework; sourceTree = SDKROOT; };
		BFF8CFA015F6767800F1D2EA /* EconApps-Info.plist */ = {isa = PBXFileReference; lastKnownFileType = text.plist.xml; path = "EconApps-Info.plist"; sourceTree = "<group>"; };
		BFF8CFA215F6767800F1D2EA /* en */ = {isa = PBXFileReference; lastKnownFileType = text.plist.strings; name = en; path = en.lproj/InfoPlist.strings; sourceTree = "<group>"; };
		BFF8CFA415F6767800F1D2EA /* main.m */ = {isa = PBXFileReference; lastKnownFileType = sourcecode.c.objc; path = main.m; sourceTree = "<group>"; };
		BFF8CFA615F6767800F1D2EA /* EconApps-Prefix.pch */ = {isa = PBXFileReference; lastKnownFileType = sourcecode.c.h; path = "EconApps-Prefix.pch"; sourceTree = "<group>"; };
		BFF8CFA715F6767800F1D2EA /* AppDelegate.h */ = {isa = PBXFileReference; lastKnownFileType = sourcecode.c.h; path = AppDelegate.h; sourceTree = "<group>"; };
		BFF8CFA815F6767800F1D2EA /* AppDelegate.m */ = {isa = PBXFileReference; lastKnownFileType = sourcecode.c.objc; path = AppDelegate.m; sourceTree = "<group>"; };
		BFF8CFAB15F6767800F1D2EA /* en */ = {isa = PBXFileReference; lastKnownFileType = file.storyboard; name = en; path = en.lproj/MainStoryboard.storyboard; sourceTree = "<group>"; };
		BFF8CFAD15F6767800F1D2EA /* LoginViewController.h */ = {isa = PBXFileReference; lastKnownFileType = sourcecode.c.h; path = LoginViewController.h; sourceTree = "<group>"; };
		BFF8CFAE15F6767800F1D2EA /* LoginViewController.m */ = {isa = PBXFileReference; lastKnownFileType = sourcecode.c.objc; path = LoginViewController.m; sourceTree = "<group>"; };
		BFF8CFB815F67A3B00F1D2EA /* Connection.h */ = {isa = PBXFileReference; lastKnownFileType = sourcecode.c.h; path = Connection.h; sourceTree = "<group>"; };
		BFF8CFB915F67A3B00F1D2EA /* Connection.m */ = {isa = PBXFileReference; lastKnownFileType = sourcecode.c.objc; path = Connection.m; sourceTree = "<group>"; };
		E941DFDC15FA8EF200DE9C75 /* Defs.h */ = {isa = PBXFileReference; lastKnownFileType = sourcecode.c.h; path = Defs.h; sourceTree = "<group>"; };
		E9B5CCE415F7FC8C00E71B8F /* PublicGoodsViewController.h */ = {isa = PBXFileReference; fileEncoding = 4; lastKnownFileType = sourcecode.c.h; path = PublicGoodsViewController.h; sourceTree = "<group>"; };
		E9B5CCE515F7FC8C00E71B8F /* PublicGoodsViewController.m */ = {isa = PBXFileReference; fileEncoding = 4; lastKnownFileType = sourcecode.c.objc; path = PublicGoodsViewController.m; sourceTree = "<group>"; };
		E9B5CCE815F7FE2000E71B8F /* PublicGoodsView.h */ = {isa = PBXFileReference; fileEncoding = 4; lastKnownFileType = sourcecode.c.h; path = PublicGoodsView.h; sourceTree = "<group>"; };
		E9B5CCE915F7FE2000E71B8F /* PublicGoodsView.m */ = {isa = PBXFileReference; fileEncoding = 4; lastKnownFileType = sourcecode.c.objc; path = PublicGoodsView.m; sourceTree = "<group>"; };
/* End PBXFileReference section */

/* Begin PBXFrameworksBuildPhase section */
		BFF8CF9115F6767800F1D2EA /* Frameworks */ = {
			isa = PBXFrameworksBuildPhase;
			buildActionMask = 2147483647;
			files = (
				BFF8CF9915F6767800F1D2EA /* UIKit.framework in Frameworks */,
				BFF8CF9B15F6767800F1D2EA /* Foundation.framework in Frameworks */,
				BFF8CF9D15F6767800F1D2EA /* CoreGraphics.framework in Frameworks */,
			);
			runOnlyForDeploymentPostprocessing = 0;
		};
/* End PBXFrameworksBuildPhase section */

/* Begin PBXGroup section */
		BFF4854915F8066F003DB6C3 /* PublicGoodsView */ = {
			isa = PBXGroup;
			children = (
				E9B5CCE415F7FC8C00E71B8F /* PublicGoodsViewController.h */,
				E9B5CCE515F7FC8C00E71B8F /* PublicGoodsViewController.m */,
				E9B5CCE815F7FE2000E71B8F /* PublicGoodsView.h */,
				E9B5CCE915F7FE2000E71B8F /* PublicGoodsView.m */,
			);
			name = PublicGoodsView;
			sourceTree = "<group>";
		};
		BFF4854B15F80681003DB6C3 /* LoginView */ = {
			isa = PBXGroup;
			children = (
				BFF8CFAD15F6767800F1D2EA /* LoginViewController.h */,
				BFF8CFAE15F6767800F1D2EA /* LoginViewController.m */,
				0A83965B15F68447004E3429 /* LoginView.h */,
				0A83965C15F68447004E3429 /* LoginView.m */,
			);
			name = LoginView;
			sourceTree = "<group>";
		};
		BFF4854D15F80701003DB6C3 /* Public Goods */ = {
			isa = PBXGroup;
			children = (
				BFF4854E15F80714003DB6C3 /* Views */,
			);
			name = "Public Goods";
			sourceTree = "<group>";
		};
		BFF4854E15F80714003DB6C3 /* Views */ = {
			isa = PBXGroup;
			children = (
				BFF4854915F8066F003DB6C3 /* PublicGoodsView */,
			);
			name = Views;
			sourceTree = "<group>";
		};
		BFF4855515F808B6003DB6C3 /* WaitingView */ = {
			isa = PBXGroup;
			children = (
				BFF4854F15F80897003DB6C3 /* WaitingView.h */,
				BFF4855015F80897003DB6C3 /* WaitingView.m */,
				BFF4855215F808B1003DB6C3 /* WaitingViewController.h */,
				BFF4855315F808B1003DB6C3 /* WaitingViewController.m */,
			);
			name = WaitingView;
			sourceTree = "<group>";
		};
		BFF8CF8915F6767700F1D2EA = {
			isa = PBXGroup;
			children = (
				BFF8CF9E15F6767800F1D2EA /* EconApps */,
				BFF8CF9715F6767800F1D2EA /* Frameworks */,
				BFF8CF9515F6767800F1D2EA /* Products */,
			);
			sourceTree = "<group>";
		};
		BFF8CF9515F6767800F1D2EA /* Products */ = {
			isa = PBXGroup;
			children = (
				BFF8CF9415F6767800F1D2EA /* EconApps.app */,
			);
			name = Products;
			sourceTree = "<group>";
		};
		BFF8CF9715F6767800F1D2EA /* Frameworks */ = {
			isa = PBXGroup;
			children = (
				BFF8CF9815F6767800F1D2EA /* UIKit.framework */,
				BFF8CF9A15F6767800F1D2EA /* Foundation.framework */,
				BFF8CF9C15F6767800F1D2EA /* CoreGraphics.framework */,
			);
			name = Frameworks;
			sourceTree = "<group>";
		};
		BFF8CF9E15F6767800F1D2EA /* EconApps */ = {
			isa = PBXGroup;
			children = (
				E941DFDC15FA8EF200DE9C75 /* Defs.h */,
				BFF8CFB815F67A3B00F1D2EA /* Connection.h */,
				BFF8CFB915F67A3B00F1D2EA /* Connection.m */,
				BFF8CFA715F6767800F1D2EA /* AppDelegate.h */,
				BFF8CFA815F6767800F1D2EA /* AppDelegate.m */,
				BFF8CFAA15F6767800F1D2EA /* MainStoryboard.storyboard */,
				BFF4855515F808B6003DB6C3 /* WaitingView */,
				BFF4854B15F80681003DB6C3 /* LoginView */,
				BFF4854D15F80701003DB6C3 /* Public Goods */,
				BFF8CF9F15F6767800F1D2EA /* Supporting Files */,
				BFF6587915F9160B001C840A /* GridView.h */,
				BFF6587A15F9160B001C840A /* GridView.m */,
				BFF6587D15F92543001C840A /* GridViewController.h */,
				BFF6587E15F92543001C840A /* GridViewController.m */,
			);
			path = EconApps;
			sourceTree = "<group>";
		};
		BFF8CF9F15F6767800F1D2EA /* Supporting Files */ = {
			isa = PBXGroup;
			children = (
				BFF8CFA015F6767800F1D2EA /* EconApps-Info.plist */,
				BFF8CFA115F6767800F1D2EA /* InfoPlist.strings */,
				BFF8CFA415F6767800F1D2EA /* main.m */,
				BFF8CFA615F6767800F1D2EA /* EconApps-Prefix.pch */,
			);
			name = "Supporting Files";
			sourceTree = "<group>";
		};
/* End PBXGroup section */

/* Begin PBXNativeTarget section */
		BFF8CF9315F6767800F1D2EA /* EconApps */ = {
			isa = PBXNativeTarget;
			buildConfigurationList = BFF8CFB215F6767800F1D2EA /* Build configuration list for PBXNativeTarget "EconApps" */;
			buildPhases = (
				BFF8CF9015F6767800F1D2EA /* Sources */,
				BFF8CF9115F6767800F1D2EA /* Frameworks */,
				BFF8CF9215F6767800F1D2EA /* Resources */,
			);
			buildRules = (
			);
			dependencies = (
			);
			name = EconApps;
			productName = EconApps;
			productReference = BFF8CF9415F6767800F1D2EA /* EconApps.app */;
			productType = "com.apple.product-type.application";
		};
/* End PBXNativeTarget section */

/* Begin PBXProject section */
		BFF8CF8B15F6767700F1D2EA /* Project object */ = {
			isa = PBXProject;
			attributes = {
				LastUpgradeCheck = 0440;
				ORGANIZATIONNAME = "High Point Univeristy";
			};
			buildConfigurationList = BFF8CF8E15F6767700F1D2EA /* Build configuration list for PBXProject "EconApps" */;
			compatibilityVersion = "Xcode 3.2";
			developmentRegion = English;
			hasScannedForEncodings = 0;
			knownRegions = (
				en,
			);
			mainGroup = BFF8CF8915F6767700F1D2EA;
			productRefGroup = BFF8CF9515F6767800F1D2EA /* Products */;
			projectDirPath = "";
			projectRoot = "";
			targets = (
				BFF8CF9315F6767800F1D2EA /* EconApps */,
			);
		};
/* End PBXProject section */

/* Begin PBXResourcesBuildPhase section */
		BFF8CF9215F6767800F1D2EA /* Resources */ = {
			isa = PBXResourcesBuildPhase;
			buildActionMask = 2147483647;
			files = (
				BFF8CFA315F6767800F1D2EA /* InfoPlist.strings in Resources */,
				BFF8CFAC15F6767800F1D2EA /* MainStoryboard.storyboard in Resources */,
			);
			runOnlyForDeploymentPostprocessing = 0;
		};
/* End PBXResourcesBuildPhase section */

/* Begin PBXSourcesBuildPhase section */
		BFF8CF9015F6767800F1D2EA /* Sources */ = {
			isa = PBXSourcesBuildPhase;
			buildActionMask = 2147483647;
			files = (
				BFF4854415F804B3003DB6C3 /* Connection.m in Sources */,
				BFF8CFA515F6767800F1D2EA /* main.m in Sources */,
				BFF8CFA915F6767800F1D2EA /* AppDelegate.m in Sources */,
				BFF8CFAF15F6767800F1D2EA /* LoginViewController.m in Sources */,
				0A83965D15F68447004E3429 /* LoginView.m in Sources */,
				E9B5CCE615F7FC8C00E71B8F /* PublicGoodsViewController.m in Sources */,
				E9B5CCEA15F7FE2000E71B8F /* PublicGoodsView.m in Sources */,
				BFF4855115F80897003DB6C3 /* WaitingView.m in Sources */,
				BFF4855415F808B1003DB6C3 /* WaitingViewController.m in Sources */,
				BFF6587B15F9160B001C840A /* GridView.m in Sources */,
				BFF6587F15F92543001C840A /* GridViewController.m in Sources */,
			);
			runOnlyForDeploymentPostprocessing = 0;
		};
/* End PBXSourcesBuildPhase section */

/* Begin PBXVariantGroup section */
		BFF8CFA115F6767800F1D2EA /* InfoPlist.strings */ = {
			isa = PBXVariantGroup;
			children = (
				BFF8CFA215F6767800F1D2EA /* en */,
			);
			name = InfoPlist.strings;
			sourceTree = "<group>";
		};
		BFF8CFAA15F6767800F1D2EA /* MainStoryboard.storyboard */ = {
			isa = PBXVariantGroup;
			children = (
				BFF8CFAB15F6767800F1D2EA /* en */,
			);
			name = MainStoryboard.storyboard;
			sourceTree = "<group>";
		};
/* End PBXVariantGroup section */

/* Begin XCBuildConfiguration section */
		BFF8CFB015F6767800F1D2EA /* Debug */ = {
			isa = XCBuildConfiguration;
			buildSettings = {
				ALWAYS_SEARCH_USER_PATHS = NO;
				ARCHS = "$(ARCHS_STANDARD_32_BIT)";
				CLANG_CXX_LANGUAGE_STANDARD = "gnu++0x";
				CLANG_ENABLE_OBJC_ARC = YES;
				CLANG_WARN__DUPLICATE_METHOD_MATCH = YES;
				"CODE_SIGN_IDENTITY[sdk=iphoneos*]" = "iPhone Developer";
				COPY_PHASE_STRIP = NO;
				GCC_C_LANGUAGE_STANDARD = gnu99;
				GCC_DYNAMIC_NO_PIC = NO;
				GCC_OPTIMIZATION_LEVEL = 0;
				GCC_PREPROCESSOR_DEFINITIONS = (
					"DEBUG=1",
					"$(inherited)",
				);
				GCC_SYMBOLS_PRIVATE_EXTERN = NO;
				GCC_VERSION = com.apple.compilers.llvm.clang.1_0;
				GCC_WARN_ABOUT_RETURN_TYPE = YES;
				GCC_WARN_UNINITIALIZED_AUTOS = YES;
				GCC_WARN_UNUSED_VARIABLE = YES;
				IPHONEOS_DEPLOYMENT_TARGET = 5.1;
				SDKROOT = iphoneos;
				TARGETED_DEVICE_FAMILY = 2;
			};
			name = Debug;
		};
		BFF8CFB115F6767800F1D2EA /* Release */ = {
			isa = XCBuildConfiguration;
			buildSettings = {
				ALWAYS_SEARCH_USER_PATHS = NO;
				ARCHS = "$(ARCHS_STANDARD_32_BIT)";
				CLANG_CXX_LANGUAGE_STANDARD = "gnu++0x";
				CLANG_ENABLE_OBJC_ARC = YES;
				CLANG_WARN__DUPLICATE_METHOD_MATCH = YES;
				"CODE_SIGN_IDENTITY[sdk=iphoneos*]" = "iPhone Developer";
				COPY_PHASE_STRIP = YES;
				GCC_C_LANGUAGE_STANDARD = gnu99;
				GCC_VERSION = com.apple.compilers.llvm.clang.1_0;
				GCC_WARN_ABOUT_RETURN_TYPE = YES;
				GCC_WARN_UNINITIALIZED_AUTOS = YES;
				GCC_WARN_UNUSED_VARIABLE = YES;
				IPHONEOS_DEPLOYMENT_TARGET = 5.1;
				OTHER_CFLAGS = "-DNS_BLOCK_ASSERTIONS=1";
				SDKROOT = iphoneos;
				TARGETED_DEVICE_FAMILY = 2;
				VALIDATE_PRODUCT = YES;
			};
			name = Release;
		};
		BFF8CFB315F6767800F1D2EA /* Debug */ = {
			isa = XCBuildConfiguration;
			buildSettings = {
				GCC_PRECOMPILE_PREFIX_HEADER = YES;
				GCC_PREFIX_HEADER = "EconApps/EconApps-Prefix.pch";
				INFOPLIST_FILE = "EconApps/EconApps-Info.plist";
				PRODUCT_NAME = "$(TARGET_NAME)";
				VALID_ARCHS = "armv6 armv7";
				WRAPPER_EXTENSION = app;
			};
			name = Debug;
		};
		BFF8CFB415F6767800F1D2EA /* Release */ = {
			isa = XCBuildConfiguration;
			buildSettings = {
				GCC_PRECOMPILE_PREFIX_HEADER = YES;
				GCC_PREFIX_HEADER = "EconApps/EconApps-Prefix.pch";
				INFOPLIST_FILE = "EconApps/EconApps-Info.plist";
				PRODUCT_NAME = "$(TARGET_NAME)";
				VALID_ARCHS = "armv6 armv7";
				WRAPPER_EXTENSION = app;
			};
			name = Release;
		};
/* End XCBuildConfiguration section */

/* Begin XCConfigurationList section */
		BFF8CF8E15F6767700F1D2EA /* Build configuration list for PBXProject "EconApps" */ = {
			isa = XCConfigurationList;
			buildConfigurations = (
				BFF8CFB015F6767800F1D2EA /* Debug */,
				BFF8CFB115F6767800F1D2EA /* Release */,
			);
			defaultConfigurationIsVisible = 0;
			defaultConfigurationName = Release;
		};
		BFF8CFB215F6767800F1D2EA /* Build configuration list for PBXNativeTarget "EconApps" */ = {
			isa = XCConfigurationList;
			buildConfigurations = (
				BFF8CFB315F6767800F1D2EA /* Debug */,
				BFF8CFB415F6767800F1D2EA /* Release */,
			);
			defaultConfigurationIsVisible = 0;
			defaultConfigurationName = Release;
		};
/* End XCConfigurationList section */
	};
	rootObject = BFF8CF8B15F6767700F1D2EA /* Project object */;
}
